// !$*UTF8*$!
{
	archiveVersion = 1;
	classes = {
	};
	objectVersion = 46;
	objects = {

/* Begin PBXBuildFile section */
		06AAAA78756C6AA4AD6ADBD3 /* Pods_StudyBuddy.framework in Frameworks */ = {isa = PBXBuildFile; fileRef = F68EE13E6F701143868B453B /* Pods_StudyBuddy.framework */; };
		890035561E81CC980056D1CB /* AppDelegate.swift in Sources */ = {isa = PBXBuildFile; fileRef = 890035551E81CC980056D1CB /* AppDelegate.swift */; };
		8900355B1E81CC980056D1CB /* Main.storyboard in Resources */ = {isa = PBXBuildFile; fileRef = 890035591E81CC980056D1CB /* Main.storyboard */; };
		8900355D1E81CC980056D1CB /* Assets.xcassets in Resources */ = {isa = PBXBuildFile; fileRef = 8900355C1E81CC980056D1CB /* Assets.xcassets */; };
		890035601E81CC980056D1CB /* LaunchScreen.storyboard in Resources */ = {isa = PBXBuildFile; fileRef = 8900355E1E81CC980056D1CB /* LaunchScreen.storyboard */; };
		8958D41E1E84B5B000EA07C4 /* LoginViewController.swift in Sources */ = {isa = PBXBuildFile; fileRef = 8958D41D1E84B5B000EA07C4 /* LoginViewController.swift */; };
		89A06C4B1E8838420020A9DA /* CoursesViewController.swift in Sources */ = {isa = PBXBuildFile; fileRef = 89A06C4A1E8838420020A9DA /* CoursesViewController.swift */; };
		89A06C4D1E8848190020A9DA /* User.swift in Sources */ = {isa = PBXBuildFile; fileRef = 89A06C4C1E8848190020A9DA /* User.swift */; };
		89A06C4F1E8848210020A9DA /* Course.swift in Sources */ = {isa = PBXBuildFile; fileRef = 89A06C4E1E8848210020A9DA /* Course.swift */; };
		89A06C511E887C9B0020A9DA /* ReportViewController.swift in Sources */ = {isa = PBXBuildFile; fileRef = 89A06C501E887C9B0020A9DA /* ReportViewController.swift */; };
		89A06C551E8890040020A9DA /* CreateCourseViewController.swift in Sources */ = {isa = PBXBuildFile; fileRef = 89A06C541E8890040020A9DA /* CreateCourseViewController.swift */; };
		89A06C571E88903C0020A9DA /* RegisterViewController.swift in Sources */ = {isa = PBXBuildFile; fileRef = 89A06C561E88903C0020A9DA /* RegisterViewController.swift */; };
		89A06C5B1E8891990020A9DA /* CourseCell.swift in Sources */ = {isa = PBXBuildFile; fileRef = 89A06C5A1E8891990020A9DA /* CourseCell.swift */; };
/* End PBXBuildFile section */

/* Begin PBXFileReference section */
		37148AD126FDDDC113472A23 /* Pods-StudyBuddy.debug.xcconfig */ = {isa = PBXFileReference; includeInIndex = 1; lastKnownFileType = text.xcconfig; name = "Pods-StudyBuddy.debug.xcconfig"; path = "Pods/Target Support Files/Pods-StudyBuddy/Pods-StudyBuddy.debug.xcconfig"; sourceTree = "<group>"; };
		890035521E81CC980056D1CB /* StudyBuddy.app */ = {isa = PBXFileReference; explicitFileType = wrapper.application; includeInIndex = 0; path = StudyBuddy.app; sourceTree = BUILT_PRODUCTS_DIR; };
		890035551E81CC980056D1CB /* AppDelegate.swift */ = {isa = PBXFileReference; lastKnownFileType = sourcecode.swift; path = AppDelegate.swift; sourceTree = "<group>"; };
		8900355A1E81CC980056D1CB /* Base */ = {isa = PBXFileReference; lastKnownFileType = file.storyboard; name = Base; path = Base.lproj/Main.storyboard; sourceTree = "<group>"; };
		8900355C1E81CC980056D1CB /* Assets.xcassets */ = {isa = PBXFileReference; lastKnownFileType = folder.assetcatalog; path = Assets.xcassets; sourceTree = "<group>"; };
		8900355F1E81CC980056D1CB /* Base */ = {isa = PBXFileReference; lastKnownFileType = file.storyboard; name = Base; path = Base.lproj/LaunchScreen.storyboard; sourceTree = "<group>"; };
		890035611E81CC980056D1CB /* Info.plist */ = {isa = PBXFileReference; lastKnownFileType = text.plist.xml; path = Info.plist; sourceTree = "<group>"; };
		8958D41D1E84B5B000EA07C4 /* LoginViewController.swift */ = {isa = PBXFileReference; fileEncoding = 4; lastKnownFileType = sourcecode.swift; path = LoginViewController.swift; sourceTree = "<group>"; };
		89A06C4A1E8838420020A9DA /* CoursesViewController.swift */ = {isa = PBXFileReference; fileEncoding = 4; lastKnownFileType = sourcecode.swift; path = CoursesViewController.swift; sourceTree = "<group>"; };
		89A06C4C1E8848190020A9DA /* User.swift */ = {isa = PBXFileReference; fileEncoding = 4; lastKnownFileType = sourcecode.swift; path = User.swift; sourceTree = "<group>"; };
		89A06C4E1E8848210020A9DA /* Course.swift */ = {isa = PBXFileReference; fileEncoding = 4; lastKnownFileType = sourcecode.swift; path = Course.swift; sourceTree = "<group>"; };
		89A06C501E887C9B0020A9DA /* ReportViewController.swift */ = {isa = PBXFileReference; fileEncoding = 4; lastKnownFileType = sourcecode.swift; path = ReportViewController.swift; sourceTree = "<group>"; };
		89A06C541E8890040020A9DA /* CreateCourseViewController.swift */ = {isa = PBXFileReference; fileEncoding = 4; lastKnownFileType = sourcecode.swift; path = CreateCourseViewController.swift; sourceTree = "<group>"; };
		89A06C561E88903C0020A9DA /* RegisterViewController.swift */ = {isa = PBXFileReference; fileEncoding = 4; lastKnownFileType = sourcecode.swift; path = RegisterViewController.swift; sourceTree = "<group>"; };
		89A06C5A1E8891990020A9DA /* CourseCell.swift */ = {isa = PBXFileReference; fileEncoding = 4; lastKnownFileType = sourcecode.swift; path = CourseCell.swift; sourceTree = "<group>"; };
		F68EE13E6F701143868B453B /* Pods_StudyBuddy.framework */ = {isa = PBXFileReference; explicitFileType = wrapper.framework; includeInIndex = 0; path = Pods_StudyBuddy.framework; sourceTree = BUILT_PRODUCTS_DIR; };
		FC2789B269A254D6A2F56C99 /* Pods-StudyBuddy.release.xcconfig */ = {isa = PBXFileReference; includeInIndex = 1; lastKnownFileType = text.xcconfig; name = "Pods-StudyBuddy.release.xcconfig"; path = "Pods/Target Support Files/Pods-StudyBuddy/Pods-StudyBuddy.release.xcconfig"; sourceTree = "<group>"; };
/* End PBXFileReference section */

/* Begin PBXFrameworksBuildPhase section */
		8900354F1E81CC980056D1CB /* Frameworks */ = {
			isa = PBXFrameworksBuildPhase;
			buildActionMask = 2147483647;
			files = (
				06AAAA78756C6AA4AD6ADBD3 /* Pods_StudyBuddy.framework in Frameworks */,
			);
			runOnlyForDeploymentPostprocessing = 0;
		};
/* End PBXFrameworksBuildPhase section */

/* Begin PBXGroup section */
		397E2A5A5905CDDDF504EE34 /* Pods */ = {
			isa = PBXGroup;
			children = (
				37148AD126FDDDC113472A23 /* Pods-StudyBuddy.debug.xcconfig */,
				FC2789B269A254D6A2F56C99 /* Pods-StudyBuddy.release.xcconfig */,
			);
			name = Pods;
			sourceTree = "<group>";
		};
		890035491E81CC980056D1CB = {
			isa = PBXGroup;
			children = (
				890035541E81CC980056D1CB /* studyBuddy */,
				890035531E81CC980056D1CB /* Products */,
				397E2A5A5905CDDDF504EE34 /* Pods */,
				F625D1122AD0697AB12350F3 /* Frameworks */,
			);
			sourceTree = "<group>";
		};
		890035531E81CC980056D1CB /* Products */ = {
			isa = PBXGroup;
			children = (
				890035521E81CC980056D1CB /* StudyBuddy.app */,
			);
			name = Products;
			sourceTree = "<group>";
		};
		890035541E81CC980056D1CB /* studyBuddy */ = {
			isa = PBXGroup;
			children = (
				89A06C491E88331F0020A9DA /* Models */,
				8958D41C1E84B43100EA07C4 /* View Controllers */,
				8958D41B1E84B42700EA07C4 /* Views */,
				890035551E81CC980056D1CB /* AppDelegate.swift */,
				890035591E81CC980056D1CB /* Main.storyboard */,
				8900355C1E81CC980056D1CB /* Assets.xcassets */,
				8900355E1E81CC980056D1CB /* LaunchScreen.storyboard */,
				890035611E81CC980056D1CB /* Info.plist */,
			);
			path = studyBuddy;
			sourceTree = "<group>";
		};
		8958D41B1E84B42700EA07C4 /* Views */ = {
			isa = PBXGroup;
			children = (
				89A06C5A1E8891990020A9DA /* CourseCell.swift */,
			);
			name = Views;
			sourceTree = "<group>";
		};
		8958D41C1E84B43100EA07C4 /* View Controllers */ = {
			isa = PBXGroup;
			children = (
				8958D41D1E84B5B000EA07C4 /* LoginViewController.swift */,
				89A06C561E88903C0020A9DA /* RegisterViewController.swift */,
				89A06C4A1E8838420020A9DA /* CoursesViewController.swift */,
				89A06C541E8890040020A9DA /* CreateCourseViewController.swift */,
				89A06C501E887C9B0020A9DA /* ReportViewController.swift */,
			);
			name = "View Controllers";
			sourceTree = "<group>";
		};
		89A06C491E88331F0020A9DA /* Models */ = {
			isa = PBXGroup;
			children = (
				89A06C4C1E8848190020A9DA /* User.swift */,
				89A06C4E1E8848210020A9DA /* Course.swift */,
			);
			name = Models;
			sourceTree = "<group>";
		};
		F625D1122AD0697AB12350F3 /* Frameworks */ = {
			isa = PBXGroup;
			children = (
				F68EE13E6F701143868B453B /* Pods_StudyBuddy.framework */,
			);
			name = Frameworks;
			sourceTree = "<group>";
		};
/* End PBXGroup section */

/* Begin PBXNativeTarget section */
		890035511E81CC980056D1CB /* StudyBuddy */ = {
			isa = PBXNativeTarget;
			buildConfigurationList = 890035641E81CC980056D1CB /* Build configuration list for PBXNativeTarget "StudyBuddy" */;
			buildPhases = (
				19029CA89EDDAB31C327FDE9 /* [CP] Check Pods Manifest.lock */,
				8900354E1E81CC980056D1CB /* Sources */,
				8900354F1E81CC980056D1CB /* Frameworks */,
				890035501E81CC980056D1CB /* Resources */,
				12CDC10B5A1D284EFD28CCAC /* [CP] Embed Pods Frameworks */,
				7B3DE67CFB1F6617575BF1B5 /* [CP] Copy Pods Resources */,
			);
			buildRules = (
			);
			dependencies = (
			);
			name = StudyBuddy;
			productName = studyBuddy;
			productReference = 890035521E81CC980056D1CB /* StudyBuddy.app */;
			productType = "com.apple.product-type.application";
		};
/* End PBXNativeTarget section */

/* Begin PBXProject section */
		8900354A1E81CC980056D1CB /* Project object */ = {
			isa = PBXProject;
			attributes = {
				LastSwiftUpdateCheck = 0820;
				LastUpgradeCheck = 0820;
				ORGANIZATIONNAME = CodePath;
				TargetAttributes = {
					890035511E81CC980056D1CB = {
						CreatedOnToolsVersion = 8.2.1;
						ProvisioningStyle = Automatic;
					};
				};
			};
			buildConfigurationList = 8900354D1E81CC980056D1CB /* Build configuration list for PBXProject "studyBuddy" */;
			compatibilityVersion = "Xcode 3.2";
			developmentRegion = English;
			hasScannedForEncodings = 0;
			knownRegions = (
				en,
				Base,
			);
			mainGroup = 890035491E81CC980056D1CB;
			productRefGroup = 890035531E81CC980056D1CB /* Products */;
			projectDirPath = "";
			projectRoot = "";
			targets = (
				890035511E81CC980056D1CB /* StudyBuddy */,
			);
		};
/* End PBXProject section */

/* Begin PBXResourcesBuildPhase section */
		890035501E81CC980056D1CB /* Resources */ = {
			isa = PBXResourcesBuildPhase;
			buildActionMask = 2147483647;
			files = (
				890035601E81CC980056D1CB /* LaunchScreen.storyboard in Resources */,
				8900355D1E81CC980056D1CB /* Assets.xcassets in Resources */,
				8900355B1E81CC980056D1CB /* Main.storyboard in Resources */,
			);
			runOnlyForDeploymentPostprocessing = 0;
		};
/* End PBXResourcesBuildPhase section */

/* Begin PBXShellScriptBuildPhase section */
		12CDC10B5A1D284EFD28CCAC /* [CP] Embed Pods Frameworks */ = {
			isa = PBXShellScriptBuildPhase;
			buildActionMask = 2147483647;
			files = (
			);
			inputPaths = (
			);
			name = "[CP] Embed Pods Frameworks";
			outputPaths = (
			);
			runOnlyForDeploymentPostprocessing = 0;
			shellPath = /bin/sh;
			shellScript = "\"${SRCROOT}/Pods/Target Support Files/Pods-StudyBuddy/Pods-StudyBuddy-frameworks.sh\"\n";
			showEnvVarsInLog = 0;
		};
		19029CA89EDDAB31C327FDE9 /* [CP] Check Pods Manifest.lock */ = {
			isa = PBXShellScriptBuildPhase;
			buildActionMask = 2147483647;
			files = (
			);
			inputPaths = (
			);
			name = "[CP] Check Pods Manifest.lock";
			outputPaths = (
			);
			runOnlyForDeploymentPostprocessing = 0;
			shellPath = /bin/sh;
			shellScript = "diff \"${PODS_ROOT}/../Podfile.lock\" \"${PODS_ROOT}/Manifest.lock\" > /dev/null\nif [ $? != 0 ] ; then\n    # print error to STDERR\n    echo \"error: The sandbox is not in sync with the Podfile.lock. Run 'pod install' or update your CocoaPods installation.\" >&2\n    exit 1\nfi\n";
			showEnvVarsInLog = 0;
		};
		7B3DE67CFB1F6617575BF1B5 /* [CP] Copy Pods Resources */ = {
			isa = PBXShellScriptBuildPhase;
			buildActionMask = 2147483647;
			files = (
			);
			inputPaths = (
			);
			name = "[CP] Copy Pods Resources";
			outputPaths = (
			);
			runOnlyForDeploymentPostprocessing = 0;
			shellPath = /bin/sh;
			shellScript = "\"${SRCROOT}/Pods/Target Support Files/Pods-StudyBuddy/Pods-StudyBuddy-resources.sh\"\n";
			showEnvVarsInLog = 0;
		};
/* End PBXShellScriptBuildPhase section */

/* Begin PBXSourcesBuildPhase section */
		8900354E1E81CC980056D1CB /* Sources */ = {
			isa = PBXSourcesBuildPhase;
			buildActionMask = 2147483647;
			files = (
				89A06C571E88903C0020A9DA /* RegisterViewController.swift in Sources */,
				89A06C4F1E8848210020A9DA /* Course.swift in Sources */,
				8958D41E1E84B5B000EA07C4 /* LoginViewController.swift in Sources */,
				89A06C4B1E8838420020A9DA /* CoursesViewController.swift in Sources */,
				89A06C5B1E8891990020A9DA /* CourseCell.swift in Sources */,
				890035561E81CC980056D1CB /* AppDelegate.swift in Sources */,
				89A06C4D1E8848190020A9DA /* User.swift in Sources */,
				89A06C551E8890040020A9DA /* CreateCourseViewController.swift in Sources */,
				89A06C511E887C9B0020A9DA /* ReportViewController.swift in Sources */,
			);
			runOnlyForDeploymentPostprocessing = 0;
		};
/* End PBXSourcesBuildPhase section */

/* Begin PBXVariantGroup section */
		890035591E81CC980056D1CB /* Main.storyboard */ = {
			isa = PBXVariantGroup;
			children = (
				8900355A1E81CC980056D1CB /* Base */,
			);
			name = Main.storyboard;
			sourceTree = "<group>";
		};
		8900355E1E81CC980056D1CB /* LaunchScreen.storyboard */ = {
			isa = PBXVariantGroup;
			children = (
				8900355F1E81CC980056D1CB /* Base */,
			);
			name = LaunchScreen.storyboard;
			sourceTree = "<group>";
		};
/* End PBXVariantGroup section */

/* Begin XCBuildConfiguration section */
		890035621E81CC980056D1CB /* Debug */ = {
			isa = XCBuildConfiguration;
			buildSettings = {
				ALWAYS_SEARCH_USER_PATHS = NO;
				CLANG_ANALYZER_NONNULL = YES;
				CLANG_CXX_LANGUAGE_STANDARD = "gnu++0x";
				CLANG_CXX_LIBRARY = "libc++";
				CLANG_ENABLE_MODULES = YES;
				CLANG_ENABLE_OBJC_ARC = YES;
				CLANG_WARN_BOOL_CONVERSION = YES;
				CLANG_WARN_CONSTANT_CONVERSION = YES;
				CLANG_WARN_DIRECT_OBJC_ISA_USAGE = YES_ERROR;
				CLANG_WARN_DOCUMENTATION_COMMENTS = YES;
				CLANG_WARN_EMPTY_BODY = YES;
				CLANG_WARN_ENUM_CONVERSION = YES;
				CLANG_WARN_INFINITE_RECURSION = YES;
				CLANG_WARN_INT_CONVERSION = YES;
				CLANG_WARN_OBJC_ROOT_CLASS = YES_ERROR;
				CLANG_WARN_SUSPICIOUS_MOVE = YES;
				CLANG_WARN_UNREACHABLE_CODE = YES;
				CLANG_WARN__DUPLICATE_METHOD_MATCH = YES;
				"CODE_SIGN_IDENTITY[sdk=iphoneos*]" = "iPhone Developer";
				COPY_PHASE_STRIP = NO;
				DEBUG_INFORMATION_FORMAT = dwarf;
				ENABLE_STRICT_OBJC_MSGSEND = YES;
				ENABLE_TESTABILITY = YES;
				GCC_C_LANGUAGE_STANDARD = gnu99;
				GCC_DYNAMIC_NO_PIC = NO;
				GCC_NO_COMMON_BLOCKS = YES;
				GCC_OPTIMIZATION_LEVEL = 0;
				GCC_PREPROCESSOR_DEFINITIONS = (
					"DEBUG=1",
					"$(inherited)",
				);
				GCC_WARN_64_TO_32_BIT_CONVERSION = YES;
				GCC_WARN_ABOUT_RETURN_TYPE = YES_ERROR;
				GCC_WARN_UNDECLARED_SELECTOR = YES;
				GCC_WARN_UNINITIALIZED_AUTOS = YES_AGGRESSIVE;
				GCC_WARN_UNUSED_FUNCTION = YES;
				GCC_WARN_UNUSED_VARIABLE = YES;
				IPHONEOS_DEPLOYMENT_TARGET = 10.2;
				MTL_ENABLE_DEBUG_INFO = YES;
				ONLY_ACTIVE_ARCH = YES;
				SDKROOT = iphoneos;
				SWIFT_ACTIVE_COMPILATION_CONDITIONS = DEBUG;
				SWIFT_OPTIMIZATION_LEVEL = "-Onone";
			};
			name = Debug;
		};
		890035631E81CC980056D1CB /* Release */ = {
			isa = XCBuildConfiguration;
			buildSettings = {
				ALWAYS_SEARCH_USER_PATHS = NO;
				CLANG_ANALYZER_NONNULL = YES;
				CLANG_CXX_LANGUAGE_STANDARD = "gnu++0x";
				CLANG_CXX_LIBRARY = "libc++";
				CLANG_ENABLE_MODULES = YES;
				CLANG_ENABLE_OBJC_ARC = YES;
				CLANG_WARN_BOOL_CONVERSION = YES;
				CLANG_WARN_CONSTANT_CONVERSION = YES;
				CLANG_WARN_DIRECT_OBJC_ISA_USAGE = YES_ERROR;
				CLANG_WARN_DOCUMENTATION_COMMENTS = YES;
				CLANG_WARN_EMPTY_BODY = YES;
				CLANG_WARN_ENUM_CONVERSION = YES;
				CLANG_WARN_INFINITE_RECURSION = YES;
				CLANG_WARN_INT_CONVERSION = YES;
				CLANG_WARN_OBJC_ROOT_CLASS = YES_ERROR;
				CLANG_WARN_SUSPICIOUS_MOVE = YES;
				CLANG_WARN_UNREACHABLE_CODE = YES;
				CLANG_WARN__DUPLICATE_METHOD_MATCH = YES;
				"CODE_SIGN_IDENTITY[sdk=iphoneos*]" = "iPhone Developer";
				COPY_PHASE_STRIP = NO;
				DEBUG_INFORMATION_FORMAT = "dwarf-with-dsym";
				ENABLE_NS_ASSERTIONS = NO;
				ENABLE_STRICT_OBJC_MSGSEND = YES;
				GCC_C_LANGUAGE_STANDARD = gnu99;
				GCC_NO_COMMON_BLOCKS = YES;
				GCC_WARN_64_TO_32_BIT_CONVERSION = YES;
				GCC_WARN_ABOUT_RETURN_TYPE = YES_ERROR;
				GCC_WARN_UNDECLARED_SELECTOR = YES;
				GCC_WARN_UNINITIALIZED_AUTOS = YES_AGGRESSIVE;
				GCC_WARN_UNUSED_FUNCTION = YES;
				GCC_WARN_UNUSED_VARIABLE = YES;
				IPHONEOS_DEPLOYMENT_TARGET = 10.2;
				MTL_ENABLE_DEBUG_INFO = NO;
				SDKROOT = iphoneos;
				SWIFT_OPTIMIZATION_LEVEL = "-Owholemodule";
				VALIDATE_PRODUCT = YES;
			};
			name = Release;
		};
		890035651E81CC980056D1CB /* Debug */ = {
			isa = XCBuildConfiguration;
			baseConfigurationReference = 37148AD126FDDDC113472A23 /* Pods-StudyBuddy.debug.xcconfig */;
			buildSettings = {
				ASSETCATALOG_COMPILER_APPICON_NAME = AppIcon;
				INFOPLIST_FILE = studyBuddy/Info.plist;
				LD_RUNPATH_SEARCH_PATHS = "$(inherited) @executable_path/Frameworks";
				PRODUCT_BUNDLE_IDENTIFIER = CodePath.studyBuddy;
				PRODUCT_NAME = "$(TARGET_NAME)";
				SWIFT_VERSION = 3.0;
			};
			name = Debug;
		};
		890035661E81CC980056D1CB /* Release */ = {
			isa = XCBuildConfiguration;
			baseConfigurationReference = FC2789B269A254D6A2F56C99 /* Pods-StudyBuddy.release.xcconfig */;
			buildSettings = {
				ASSETCATALOG_COMPILER_APPICON_NAME = AppIcon;
				INFOPLIST_FILE = studyBuddy/Info.plist;
				LD_RUNPATH_SEARCH_PATHS = "$(inherited) @executable_path/Frameworks";
				PRODUCT_BUNDLE_IDENTIFIER = CodePath.studyBuddy;
				PRODUCT_NAME = "$(TARGET_NAME)";
				SWIFT_VERSION = 3.0;
			};
			name = Release;
		};
/* End XCBuildConfiguration section */

/* Begin XCConfigurationList section */
		8900354D1E81CC980056D1CB /* Build configuration list for PBXProject "studyBuddy" */ = {
			isa = XCConfigurationList;
			buildConfigurations = (
				890035621E81CC980056D1CB /* Debug */,
				890035631E81CC980056D1CB /* Release */,
			);
			defaultConfigurationIsVisible = 0;
			defaultConfigurationName = Release;
		};
		890035641E81CC980056D1CB /* Build configuration list for PBXNativeTarget "StudyBuddy" */ = {
			isa = XCConfigurationList;
			buildConfigurations = (
				890035651E81CC980056D1CB /* Debug */,
				890035661E81CC980056D1CB /* Release */,
			);
			defaultConfigurationIsVisible = 0;
			defaultConfigurationName = Release;
		};
/* End XCConfigurationList section */
	};
	rootObject = 8900354A1E81CC980056D1CB /* Project object */;
}
